
Microsoft Visual Studio Solution File, Format Version 12.00
# Visual Studio Version 17
VisualStudioVersion = 17.14.36121.58 d17.14
MinimumVisualStudioVersion = 10.0.40219.1
Project("{FAE04EC0-301F-11D3-BF4B-00C04F79EFBC}") = "MedViaApi", "MedViaApi.csproj", "{F3AC7025-0365-4F64-805E-3B75BA812A67}"
EndProject
Global
	GlobalSection(SolutionConfigurationPlatforms) = preSolution
		Debug|Any CPU = Debug|Any CPU
		Release|Any CPU = Release|Any CPU
	EndGlobalSection
	GlobalSection(ProjectConfigurationPlatforms) = postSolution
		{F3AC7025-0365-4F64-805E-3B75BA812A67}.Debug|Any CPU.ActiveCfg = Debug|Any CPU
		{F3AC7025-0365-4F64-805E-3B75BA812A67}.Debug|Any CPU.Build.0 = Debug|Any CPU
		{F3AC7025-0365-4F64-805E-3B75BA812A67}.Release|Any CPU.ActiveCfg = Release|Any CPU
		{F3AC7025-0365-4F64-805E-3B75BA812A67}.Release|Any CPU.Build.0 = Release|Any CPU
	EndGlobalSection
	GlobalSection(SolutionProperties) = preSolution
		HideSolutionNode = FALSE
	EndGlobalSection
	GlobalSection(ExtensibilityGlobals) = postSolution
		SolutionGuid = {48460FE1-9387-4E52-8C75-EE8D964F4EF9}
	EndGlobalSection
EndGlobal
